
Microsoft Visual Studio Solution File, Format Version 12.00
# Visual Studio 15
VisualStudioVersion = 15.0.28010.2046
MinimumVisualStudioVersion = 10.0.40219.1
Project("{FAE04EC0-301F-11D3-BF4B-00C04F79EFBC}") = "Calculator", "Calculator\Calculator.csproj", "{6F6BD79E-8BC2-4DF6-A1A8-3B7FD190D19E}"
EndProject
Global
	GlobalSection(SolutionConfigurationPlatforms) = preSolution
		Debug|Any CPU = Debug|Any CPU
		Release|Any CPU = Release|Any CPU
	EndGlobalSection
	GlobalSection(ProjectConfigurationPlatforms) = postSolution
		{6F6BD79E-8BC2-4DF6-A1A8-3B7FD190D19E}.Debug|Any CPU.ActiveCfg = Debug|Any CPU
		{6F6BD79E-8BC2-4DF6-A1A8-3B7FD190D19E}.Debug|Any CPU.Build.0 = Debug|Any CPU
		{6F6BD79E-8BC2-4DF6-A1A8-3B7FD190D19E}.Release|Any CPU.ActiveCfg = Release|Any CPU
		{6F6BD79E-8BC2-4DF6-A1A8-3B7FD190D19E}.Release|Any CPU.Build.0 = Release|Any CPU
	EndGlobalSection
	GlobalSection(SolutionProperties) = preSolution
		HideSolutionNode = FALSE
	EndGlobalSection
	GlobalSection(ExtensibilityGlobals) = postSolution
		SolutionGuid = {CFD2E72E-67F6-4CC2-B760-3D1BA7A26778}
	EndGlobalSection
EndGlobal
